// !$*UTF8*$!
{
	archiveVersion = 1;
	classes = {
	};
	objectVersion = 50;
	objects = {

/* Begin PBXBuildFile section */
		DB2F8E0B2159565E00269F43 /* AuthenticationServices.framework in Frameworks */ = {isa = PBXBuildFile; fileRef = DB2F8E0A2159565E00269F43 /* AuthenticationServices.framework */; };
		DB2F8E0D215961E000269F43 /* UserDefaultExtension.swift in Sources */ = {isa = PBXBuildFile; fileRef = DB2F8E0C215961E000269F43 /* UserDefaultExtension.swift */; };
		DBE6678221579B3C0040C808 /* AppDelegate.swift in Sources */ = {isa = PBXBuildFile; fileRef = DBE6678121579B3C0040C808 /* AppDelegate.swift */; };
		DBE6678721579B3C0040C808 /* Main.storyboard in Resources */ = {isa = PBXBuildFile; fileRef = DBE6678521579B3C0040C808 /* Main.storyboard */; };
		DBE6678A21579B3C0040C808 /* AutoPassword_iOS12.xcdatamodeld in Sources */ = {isa = PBXBuildFile; fileRef = DBE6678821579B3C0040C808 /* AutoPassword_iOS12.xcdatamodeld */; };
		DBE6678C21579B3D0040C808 /* Assets.xcassets in Resources */ = {isa = PBXBuildFile; fileRef = DBE6678B21579B3D0040C808 /* Assets.xcassets */; };
		DBE6678F21579B3D0040C808 /* LaunchScreen.storyboard in Resources */ = {isa = PBXBuildFile; fileRef = DBE6678D21579B3D0040C808 /* LaunchScreen.storyboard */; };
		DBE6679921579EFD0040C808 /* LoginViewController.swift in Sources */ = {isa = PBXBuildFile; fileRef = DBE6679821579EFD0040C808 /* LoginViewController.swift */; };
		DBE6679B21579F0B0040C808 /* OTPViewController.swift in Sources */ = {isa = PBXBuildFile; fileRef = DBE6679A21579F0B0040C808 /* OTPViewController.swift */; };
		DBE6679D21579F210040C808 /* HomeViewController.swift in Sources */ = {isa = PBXBuildFile; fileRef = DBE6679C21579F210040C808 /* HomeViewController.swift */; };
		DBE667A02157AC700040C808 /* ChangePasswordViewController.swift in Sources */ = {isa = PBXBuildFile; fileRef = DBE6679F2157AC700040C808 /* ChangePasswordViewController.swift */; };
		DBE667A22157B1DA0040C808 /* SignUpViewController.swift in Sources */ = {isa = PBXBuildFile; fileRef = DBE667A12157B1DA0040C808 /* SignUpViewController.swift */; };
/* End PBXBuildFile section */

/* Begin PBXFileReference section */
		DB2F8E0A2159565E00269F43 /* AuthenticationServices.framework */ = {isa = PBXFileReference; lastKnownFileType = wrapper.framework; name = AuthenticationServices.framework; path = System/Library/Frameworks/AuthenticationServices.framework; sourceTree = SDKROOT; };
		DB2F8E0C215961E000269F43 /* UserDefaultExtension.swift */ = {isa = PBXFileReference; lastKnownFileType = sourcecode.swift; path = UserDefaultExtension.swift; sourceTree = "<group>"; };
		DBE6677E21579B3C0040C808 /* AutoPassword-iOS12.app */ = {isa = PBXFileReference; explicitFileType = wrapper.application; includeInIndex = 0; path = "AutoPassword-iOS12.app"; sourceTree = BUILT_PRODUCTS_DIR; };
		DBE6678121579B3C0040C808 /* AppDelegate.swift */ = {isa = PBXFileReference; lastKnownFileType = sourcecode.swift; path = AppDelegate.swift; sourceTree = "<group>"; };
		DBE6678621579B3C0040C808 /* Base */ = {isa = PBXFileReference; lastKnownFileType = file.storyboard; name = Base; path = Base.lproj/Main.storyboard; sourceTree = "<group>"; };
		DBE6678921579B3C0040C808 /* AutoPassword_iOS12.xcdatamodel */ = {isa = PBXFileReference; lastKnownFileType = wrapper.xcdatamodel; path = AutoPassword_iOS12.xcdatamodel; sourceTree = "<group>"; };
		DBE6678B21579B3D0040C808 /* Assets.xcassets */ = {isa = PBXFileReference; lastKnownFileType = folder.assetcatalog; path = Assets.xcassets; sourceTree = "<group>"; };
		DBE6678E21579B3D0040C808 /* Base */ = {isa = PBXFileReference; lastKnownFileType = file.storyboard; name = Base; path = Base.lproj/LaunchScreen.storyboard; sourceTree = "<group>"; };
		DBE6679021579B3D0040C808 /* Info.plist */ = {isa = PBXFileReference; lastKnownFileType = text.plist.xml; path = Info.plist; sourceTree = "<group>"; };
		DBE6679821579EFD0040C808 /* LoginViewController.swift */ = {isa = PBXFileReference; lastKnownFileType = sourcecode.swift; path = LoginViewController.swift; sourceTree = "<group>"; };
		DBE6679A21579F0B0040C808 /* OTPViewController.swift */ = {isa = PBXFileReference; lastKnownFileType = sourcecode.swift; path = OTPViewController.swift; sourceTree = "<group>"; };
		DBE6679C21579F210040C808 /* HomeViewController.swift */ = {isa = PBXFileReference; lastKnownFileType = sourcecode.swift; path = HomeViewController.swift; sourceTree = "<group>"; };
		DBE6679E2157A2E50040C808 /* AutoPassword-iOS12.entitlements */ = {isa = PBXFileReference; lastKnownFileType = text.plist.entitlements; path = "AutoPassword-iOS12.entitlements"; sourceTree = "<group>"; };
		DBE6679F2157AC700040C808 /* ChangePasswordViewController.swift */ = {isa = PBXFileReference; lastKnownFileType = sourcecode.swift; path = ChangePasswordViewController.swift; sourceTree = "<group>"; };
		DBE667A12157B1DA0040C808 /* SignUpViewController.swift */ = {isa = PBXFileReference; lastKnownFileType = sourcecode.swift; path = SignUpViewController.swift; sourceTree = "<group>"; };
/* End PBXFileReference section */

/* Begin PBXFrameworksBuildPhase section */
		DBE6677B21579B3C0040C808 /* Frameworks */ = {
			isa = PBXFrameworksBuildPhase;
			buildActionMask = 2147483647;
			files = (
				DB2F8E0B2159565E00269F43 /* AuthenticationServices.framework in Frameworks */,
			);
			runOnlyForDeploymentPostprocessing = 0;
		};
/* End PBXFrameworksBuildPhase section */

/* Begin PBXGroup section */
		DB2F8E092159565E00269F43 /* Frameworks */ = {
			isa = PBXGroup;
			children = (
				DB2F8E0A2159565E00269F43 /* AuthenticationServices.framework */,
			);
			name = Frameworks;
			sourceTree = "<group>";
		};
		DBE6677521579B3C0040C808 = {
			isa = PBXGroup;
			children = (
				DBE6678021579B3C0040C808 /* AutoPassword-iOS12 */,
				DBE6677F21579B3C0040C808 /* Products */,
				DB2F8E092159565E00269F43 /* Frameworks */,
			);
			sourceTree = "<group>";
		};
		DBE6677F21579B3C0040C808 /* Products */ = {
			isa = PBXGroup;
			children = (
				DBE6677E21579B3C0040C808 /* AutoPassword-iOS12.app */,
			);
			name = Products;
			sourceTree = "<group>";
		};
		DBE6678021579B3C0040C808 /* AutoPassword-iOS12 */ = {
			isa = PBXGroup;
			children = (
				DBE6679E2157A2E50040C808 /* AutoPassword-iOS12.entitlements */,
				DB2F8E0C215961E000269F43 /* UserDefaultExtension.swift */,
				DBE6678121579B3C0040C808 /* AppDelegate.swift */,
				DBE6679821579EFD0040C808 /* LoginViewController.swift */,
				DBE667A12157B1DA0040C808 /* SignUpViewController.swift */,
				DBE6679A21579F0B0040C808 /* OTPViewController.swift */,
				DBE6679C21579F210040C808 /* HomeViewController.swift */,
				DBE6679F2157AC700040C808 /* ChangePasswordViewController.swift */,
				DBE6678521579B3C0040C808 /* Main.storyboard */,
				DBE6678B21579B3D0040C808 /* Assets.xcassets */,
				DBE6678D21579B3D0040C808 /* LaunchScreen.storyboard */,
				DBE6679021579B3D0040C808 /* Info.plist */,
				DBE6678821579B3C0040C808 /* AutoPassword_iOS12.xcdatamodeld */,
			);
			path = "AutoPassword-iOS12";
			sourceTree = "<group>";
		};
/* End PBXGroup section */

/* Begin PBXNativeTarget section */
		DBE6677D21579B3C0040C808 /* AutoPassword-iOS12 */ = {
			isa = PBXNativeTarget;
			buildConfigurationList = DBE6679321579B3D0040C808 /* Build configuration list for PBXNativeTarget "AutoPassword-iOS12" */;
			buildPhases = (
				DBE6677A21579B3C0040C808 /* Sources */,
				DBE6677B21579B3C0040C808 /* Frameworks */,
				DBE6677C21579B3C0040C808 /* Resources */,
			);
			buildRules = (
			);
			dependencies = (
			);
			name = "AutoPassword-iOS12";
			productName = "AutoPassword-iOS12";
			productReference = DBE6677E21579B3C0040C808 /* AutoPassword-iOS12.app */;
			productType = "com.apple.product-type.application";
		};
/* End PBXNativeTarget section */

/* Begin PBXProject section */
		DBE6677621579B3C0040C808 /* Project object */ = {
			isa = PBXProject;
			attributes = {
				LastSwiftUpdateCheck = 1000;
				LastUpgradeCheck = 1000;
				ORGANIZATIONNAME = "Developer Insider";
				TargetAttributes = {
					DBE6677D21579B3C0040C808 = {
						CreatedOnToolsVersion = 10.0;
						SystemCapabilities = {
							com.apple.AutoFillCredentialProvider = {
								enabled = 1;
							};
							com.apple.SafariKeychain = {
								enabled = 1;
							};
						};
					};
				};
			};
			buildConfigurationList = DBE6677921579B3C0040C808 /* Build configuration list for PBXProject "AutoPassword-iOS12" */;
			compatibilityVersion = "Xcode 9.3";
			developmentRegion = en;
			hasScannedForEncodings = 0;
			knownRegions = (
				en,
				Base,
			);
			mainGroup = DBE6677521579B3C0040C808;
			productRefGroup = DBE6677F21579B3C0040C808 /* Products */;
			projectDirPath = "";
			projectRoot = "";
			targets = (
				DBE6677D21579B3C0040C808 /* AutoPassword-iOS12 */,
			);
		};
/* End PBXProject section */

/* Begin PBXResourcesBuildPhase section */
		DBE6677C21579B3C0040C808 /* Resources */ = {
			isa = PBXResourcesBuildPhase;
			buildActionMask = 2147483647;
			files = (
				DBE6678F21579B3D0040C808 /* LaunchScreen.storyboard in Resources */,
				DBE6678C21579B3D0040C808 /* Assets.xcassets in Resources */,
				DBE6678721579B3C0040C808 /* Main.storyboard in Resources */,
			);
			runOnlyForDeploymentPostprocessing = 0;
		};
/* End PBXResourcesBuildPhase section */

/* Begin PBXSourcesBuildPhase section */
		DBE6677A21579B3C0040C808 /* Sources */ = {
			isa = PBXSourcesBuildPhase;
			buildActionMask = 2147483647;
			files = (
				DBE6679D21579F210040C808 /* HomeViewController.swift in Sources */,
				DBE667A22157B1DA0040C808 /* SignUpViewController.swift in Sources */,
				DBE6679B21579F0B0040C808 /* OTPViewController.swift in Sources */,
				DBE6679921579EFD0040C808 /* LoginViewController.swift in Sources */,
				DBE667A02157AC700040C808 /* ChangePasswordViewController.swift in Sources */,
				DBE6678A21579B3C0040C808 /* AutoPassword_iOS12.xcdatamodeld in Sources */,
				DB2F8E0D215961E000269F43 /* UserDefaultExtension.swift in Sources */,
				DBE6678221579B3C0040C808 /* AppDelegate.swift in Sources */,
			);
			runOnlyForDeploymentPostprocessing = 0;
		};
/* End PBXSourcesBuildPhase section */

/* Begin PBXVariantGroup section */
		DBE6678521579B3C0040C808 /* Main.storyboard */ = {
			isa = PBXVariantGroup;
			children = (
				DBE6678621579B3C0040C808 /* Base */,
			);
			name = Main.storyboard;
			sourceTree = "<group>";
		};
		DBE6678D21579B3D0040C808 /* LaunchScreen.storyboard */ = {
			isa = PBXVariantGroup;
			children = (
				DBE6678E21579B3D0040C808 /* Base */,
			);
			name = LaunchScreen.storyboard;
			sourceTree = "<group>";
		};
/* End PBXVariantGroup section */

/* Begin XCBuildConfiguration section */
		DBE6679121579B3D0040C808 /* Debug */ = {
			isa = XCBuildConfiguration;
			buildSettings = {
				ALWAYS_SEARCH_USER_PATHS = NO;
				CLANG_ANALYZER_NONNULL = YES;
				CLANG_ANALYZER_NUMBER_OBJECT_CONVERSION = YES_AGGRESSIVE;
				CLANG_CXX_LANGUAGE_STANDARD = "gnu++14";
				CLANG_CXX_LIBRARY = "libc++";
				CLANG_ENABLE_MODULES = YES;
				CLANG_ENABLE_OBJC_ARC = YES;
				CLANG_ENABLE_OBJC_WEAK = YES;
				CLANG_WARN_BLOCK_CAPTURE_AUTORELEASING = YES;
				CLANG_WARN_BOOL_CONVERSION = YES;
				CLANG_WARN_COMMA = YES;
				CLANG_WARN_CONSTANT_CONVERSION = YES;
				CLANG_WARN_DEPRECATED_OBJC_IMPLEMENTATIONS = YES;
				CLANG_WARN_DIRECT_OBJC_ISA_USAGE = YES_ERROR;
				CLANG_WARN_DOCUMENTATION_COMMENTS = YES;
				CLANG_WARN_EMPTY_BODY = YES;
				CLANG_WARN_ENUM_CONVERSION = YES;
				CLANG_WARN_INFINITE_RECURSION = YES;
				CLANG_WARN_INT_CONVERSION = YES;
				CLANG_WARN_NON_LITERAL_NULL_CONVERSION = YES;
				CLANG_WARN_OBJC_IMPLICIT_RETAIN_SELF = YES;
				CLANG_WARN_OBJC_LITERAL_CONVERSION = YES;
				CLANG_WARN_OBJC_ROOT_CLASS = YES_ERROR;
				CLANG_WARN_RANGE_LOOP_ANALYSIS = YES;
				CLANG_WARN_STRICT_PROTOTYPES = YES;
				CLANG_WARN_SUSPICIOUS_MOVE = YES;
				CLANG_WARN_UNGUARDED_AVAILABILITY = YES_AGGRESSIVE;
				CLANG_WARN_UNREACHABLE_CODE = YES;
				CLANG_WARN__DUPLICATE_METHOD_MATCH = YES;
				CODE_SIGN_IDENTITY = "iPhone Developer";
				COPY_PHASE_STRIP = NO;
				DEBUG_INFORMATION_FORMAT = dwarf;
				ENABLE_STRICT_OBJC_MSGSEND = YES;
				ENABLE_TESTABILITY = YES;
				GCC_C_LANGUAGE_STANDARD = gnu11;
				GCC_DYNAMIC_NO_PIC = NO;
				GCC_NO_COMMON_BLOCKS = YES;
				GCC_OPTIMIZATION_LEVEL = 0;
				GCC_PREPROCESSOR_DEFINITIONS = (
					"DEBUG=1",
					"$(inherited)",
				);
				GCC_WARN_64_TO_32_BIT_CONVERSION = YES;
				GCC_WARN_ABOUT_RETURN_TYPE = YES_ERROR;
				GCC_WARN_UNDECLARED_SELECTOR = YES;
				GCC_WARN_UNINITIALIZED_AUTOS = YES_AGGRESSIVE;
				GCC_WARN_UNUSED_FUNCTION = YES;
				GCC_WARN_UNUSED_VARIABLE = YES;
				IPHONEOS_DEPLOYMENT_TARGET = 12.0;
				MTL_ENABLE_DEBUG_INFO = INCLUDE_SOURCE;
				MTL_FAST_MATH = YES;
				ONLY_ACTIVE_ARCH = YES;
				SDKROOT = iphoneos;
				SWIFT_ACTIVE_COMPILATION_CONDITIONS = DEBUG;
				SWIFT_OPTIMIZATION_LEVEL = "-Onone";
			};
			name = Debug;
		};
		DBE6679221579B3D0040C808 /* Release */ = {
			isa = XCBuildConfiguration;
			buildSettings = {
				ALWAYS_SEARCH_USER_PATHS = NO;
				CLANG_ANALYZER_NONNULL = YES;
				CLANG_ANALYZER_NUMBER_OBJECT_CONVERSION = YES_AGGRESSIVE;
				CLANG_CXX_LANGUAGE_STANDARD = "gnu++14";
				CLANG_CXX_LIBRARY = "libc++";
				CLANG_ENABLE_MODULES = YES;
				CLANG_ENABLE_OBJC_ARC = YES;
				CLANG_ENABLE_OBJC_WEAK = YES;
				CLANG_WARN_BLOCK_CAPTURE_AUTORELEASING = YES;
				CLANG_WARN_BOOL_CONVERSION = YES;
				CLANG_WARN_COMMA = YES;
				CLANG_WARN_CONSTANT_CONVERSION = YES;
				CLANG_WARN_DEPRECATED_OBJC_IMPLEMENTATIONS = YES;
				CLANG_WARN_DIRECT_OBJC_ISA_USAGE = YES_ERROR;
				CLANG_WARN_DOCUMENTATION_COMMENTS = YES;
				CLANG_WARN_EMPTY_BODY = YES;
				CLANG_WARN_ENUM_CONVERSION = YES;
				CLANG_WARN_INFINITE_RECURSION = YES;
				CLANG_WARN_INT_CONVERSION = YES;
				CLANG_WARN_NON_LITERAL_NULL_CONVERSION = YES;
				CLANG_WARN_OBJC_IMPLICIT_RETAIN_SELF = YES;
				CLANG_WARN_OBJC_LITERAL_CONVERSION = YES;
				CLANG_WARN_OBJC_ROOT_CLASS = YES_ERROR;
				CLANG_WARN_RANGE_LOOP_ANALYSIS = YES;
				CLANG_WARN_STRICT_PROTOTYPES = YES;
				CLANG_WARN_SUSPICIOUS_MOVE = YES;
				CLANG_WARN_UNGUARDED_AVAILABILITY = YES_AGGRESSIVE;
				CLANG_WARN_UNREACHABLE_CODE = YES;
				CLANG_WARN__DUPLICATE_METHOD_MATCH = YES;
				CODE_SIGN_IDENTITY = "iPhone Developer";
				COPY_PHASE_STRIP = NO;
				DEBUG_INFORMATION_FORMAT = "dwarf-with-dsym";
				ENABLE_NS_ASSERTIONS = NO;
				ENABLE_STRICT_OBJC_MSGSEND = YES;
				GCC_C_LANGUAGE_STANDARD = gnu11;
				GCC_NO_COMMON_BLOCKS = YES;
				GCC_WARN_64_TO_32_BIT_CONVERSION = YES;
				GCC_WARN_ABOUT_RETURN_TYPE = YES_ERROR;
				GCC_WARN_UNDECLARED_SELECTOR = YES;
				GCC_WARN_UNINITIALIZED_AUTOS = YES_AGGRESSIVE;
				GCC_WARN_UNUSED_FUNCTION = YES;
				GCC_WARN_UNUSED_VARIABLE = YES;
				IPHONEOS_DEPLOYMENT_TARGET = 12.0;
				MTL_ENABLE_DEBUG_INFO = NO;
				MTL_FAST_MATH = YES;
				SDKROOT = iphoneos;
				SWIFT_COMPILATION_MODE = wholemodule;
				SWIFT_OPTIMIZATION_LEVEL = "-O";
				VALIDATE_PRODUCT = YES;
			};
			name = Release;
		};
		DBE6679421579B3D0040C808 /* Debug */ = {
			isa = XCBuildConfiguration;
			buildSettings = {
				ASSETCATALOG_COMPILER_APPICON_NAME = AppIcon;
				CODE_SIGN_ENTITLEMENTS = "AutoPassword-iOS12/AutoPassword-iOS12.entitlements";
				CODE_SIGN_STYLE = Automatic;
				DEVELOPMENT_TEAM = 4F7SW76LL6;
				INFOPLIST_FILE = "AutoPassword-iOS12/Info.plist";
				LD_RUNPATH_SEARCH_PATHS = (
					"$(inherited)",
					"@executable_path/Frameworks",
				);
				PRODUCT_BUNDLE_IDENTIFIER = "com.di.AutoPassword-iOS12";
				PRODUCT_NAME = "$(TARGET_NAME)";
				SWIFT_VERSION = 4.2;
				TARGETED_DEVICE_FAMILY = "1,2";
			};
			name = Debug;
		};
		DBE6679521579B3D0040C808 /* Release */ = {
			isa = XCBuildConfiguration;
			buildSettings = {
				ASSETCATALOG_COMPILER_APPICON_NAME = AppIcon;
				CODE_SIGN_ENTITLEMENTS = "AutoPassword-iOS12/AutoPassword-iOS12.entitlements";
				CODE_SIGN_STYLE = Automatic;
				DEVELOPMENT_TEAM = 4F7SW76LL6;
				INFOPLIST_FILE = "AutoPassword-iOS12/Info.plist";
				LD_RUNPATH_SEARCH_PATHS = (
					"$(inherited)",
					"@executable_path/Frameworks",
				);
				PRODUCT_BUNDLE_IDENTIFIER = "com.di.AutoPassword-iOS12";
				PRODUCT_NAME = "$(TARGET_NAME)";
				SWIFT_VERSION = 4.2;
				TARGETED_DEVICE_FAMILY = "1,2";
			};
			name = Release;
		};
/* End XCBuildConfiguration section */

/* Begin XCConfigurationList section */
		DBE6677921579B3C0040C808 /* Build configuration list for PBXProject "AutoPassword-iOS12" */ = {
			isa = XCConfigurationList;
			buildConfigurations = (
				DBE6679121579B3D0040C808 /* Debug */,
				DBE6679221579B3D0040C808 /* Release */,
			);
			defaultConfigurationIsVisible = 0;
			defaultConfigurationName = Release;
		};
		DBE6679321579B3D0040C808 /* Build configuration list for PBXNativeTarget "AutoPassword-iOS12" */ = {
			isa = XCConfigurationList;
			buildConfigurations = (
				DBE6679421579B3D0040C808 /* Debug */,
				DBE6679521579B3D0040C808 /* Release */,
			);
			defaultConfigurationIsVisible = 0;
			defaultConfigurationName = Release;
		};
/* End XCConfigurationList section */

/* Begin XCVersionGroup section */
		DBE6678821579B3C0040C808 /* AutoPassword_iOS12.xcdatamodeld */ = {
			isa = XCVersionGroup;
			children = (
				DBE6678921579B3C0040C808 /* AutoPassword_iOS12.xcdatamodel */,
			);
			currentVersion = DBE6678921579B3C0040C808 /* AutoPassword_iOS12.xcdatamodel */;
			path = AutoPassword_iOS12.xcdatamodeld;
			sourceTree = "<group>";
			versionGroupType = wrapper.xcdatamodel;
		};
/* End XCVersionGroup section */
	};
	rootObject = DBE6677621579B3C0040C808 /* Project object */;
}
